
Microsoft Visual Studio Solution File, Format Version 12.00
# Visual Studio Version 17
VisualStudioVersion = 17.12.35527.113
MinimumVisualStudioVersion = 10.0.40219.1
Project("{2150E333-8FDC-42A3-9474-1A3956D46DE8}") = "Gateway", "Gateway", "{D44D4F54-18DB-4601-A99F-3293CFACF396}"
EndProject
Project("{2150E333-8FDC-42A3-9474-1A3956D46DE8}") = "Services", "Services", "{33B250A0-5ABF-4C3A-8A05-9E6AC79FEC22}"
EndProject
Project("{2150E333-8FDC-42A3-9474-1A3956D46DE8}") = "CreditSimulatorService", "CreditSimulatorService", "{A751774F-E46E-4503-A9C2-2A3405C11CC8}"
EndProject
Project("{FAE04EC0-301F-11D3-BF4B-00C04F79EFBC}") = "CreditSimulatorService.API", "CreditSimulatorService.API\CreditSimulatorService.API.csproj", "{4D2B250F-3E9F-4FBA-B659-7F8129F49D81}"
EndProject
Project("{FAE04EC0-301F-11D3-BF4B-00C04F79EFBC}") = "CreditSimulatorService.Application", "CreditSimulatorService.Application\CreditSimulatorService.Application.csproj", "{06F47B5D-4A2C-482F-9DD2-6B8853986317}"
EndProject
Project("{FAE04EC0-301F-11D3-BF4B-00C04F79EFBC}") = "CreditSimulatorService.Domain", "CreditSimulatorService.Domain\CreditSimulatorService.Domain.csproj", "{F2748260-E384-4075-944F-70D0AE46DF4B}"
EndProject
Project("{FAE04EC0-301F-11D3-BF4B-00C04F79EFBC}") = "CreditSimulatorService.Infrastructure", "CreditSimulatorService.Infrastructure\CreditSimulatorService.Infrastructure.csproj", "{DBC20CC6-E538-4FB7-8185-8568E93AF6B6}"
EndProject
Project("{FAE04EC0-301F-11D3-BF4B-00C04F79EFBC}") = "CreditSimulatorService.Tests", "CreditSimulatorService.Tests\CreditSimulatorService.Tests.csproj", "{E96FCA08-78BC-4B40-9F80-A43BF17F9D62}"
EndProject
Project("{FAE04EC0-301F-11D3-BF4B-00C04F79EFBC}") = "ApiGatewayYarp", "ApiGatewayYarp\ApiGatewayYarp.csproj", "{182B929E-141E-440F-8169-39F9D0C3599E}"
EndProject
Project("{2150E333-8FDC-42A3-9474-1A3956D46DE8}") = "CreditSimulatorWorkerService", "CreditSimulatorWorkerService", "{913572CC-B51F-4AEC-88F9-A6D2AEDDF0C0}"
EndProject
Project("{FAE04EC0-301F-11D3-BF4B-00C04F79EFBC}") = "CreditSimulatorService.Worker", "CreditSimulatorService.Worker\CreditSimulatorService.Worker.csproj", "{0EC4AD10-B0D4-4F55-BB8D-D8AFBF1A8661}"
EndProject
Project("{FAE04EC0-301F-11D3-BF4B-00C04F79EFBC}") = "CreditSimulatorService.Worker.Tests", "CreditSimulator.Worker.Tests\CreditSimulatorService.Worker.Tests.csproj", "{0467298C-7E84-47A5-9AB9-724F5C1C9F74}"
EndProject
Project("{2150E333-8FDC-42A3-9474-1A3956D46DE8}") = "BuildingBlocks", "BuildingBlocks", "{FB3CABDC-1C99-4DC6-ADB5-4D65E878E786}"
EndProject
Project("{FAE04EC0-301F-11D3-BF4B-00C04F79EFBC}") = "CreditSimulator.BuildingBlocks", "CreditSimulator.BuildingBlocks\CreditSimulator.BuildingBlocks.csproj", "{F27DEB86-E160-45AD-901D-34A34CFFCB01}"
EndProject
Project("{E53339B2-1760-4266-BCC7-CA923CBCF16C}") = "docker-compose", "docker-compose.dcproj", "{7AC43E10-F215-4AF0-8371-181ADE824EE0}"
EndProject
Global
	GlobalSection(SolutionConfigurationPlatforms) = preSolution
		Debug|Any CPU = Debug|Any CPU
		Release|Any CPU = Release|Any CPU
	EndGlobalSection
	GlobalSection(ProjectConfigurationPlatforms) = postSolution
		{4D2B250F-3E9F-4FBA-B659-7F8129F49D81}.Debug|Any CPU.ActiveCfg = Debug|Any CPU
		{4D2B250F-3E9F-4FBA-B659-7F8129F49D81}.Debug|Any CPU.Build.0 = Debug|Any CPU
		{4D2B250F-3E9F-4FBA-B659-7F8129F49D81}.Release|Any CPU.ActiveCfg = Release|Any CPU
		{4D2B250F-3E9F-4FBA-B659-7F8129F49D81}.Release|Any CPU.Build.0 = Release|Any CPU
		{06F47B5D-4A2C-482F-9DD2-6B8853986317}.Debug|Any CPU.ActiveCfg = Debug|Any CPU
		{06F47B5D-4A2C-482F-9DD2-6B8853986317}.Debug|Any CPU.Build.0 = Debug|Any CPU
		{06F47B5D-4A2C-482F-9DD2-6B8853986317}.Release|Any CPU.ActiveCfg = Release|Any CPU
		{06F47B5D-4A2C-482F-9DD2-6B8853986317}.Release|Any CPU.Build.0 = Release|Any CPU
		{F2748260-E384-4075-944F-70D0AE46DF4B}.Debug|Any CPU.ActiveCfg = Debug|Any CPU
		{F2748260-E384-4075-944F-70D0AE46DF4B}.Debug|Any CPU.Build.0 = Debug|Any CPU
		{F2748260-E384-4075-944F-70D0AE46DF4B}.Release|Any CPU.ActiveCfg = Release|Any CPU
		{F2748260-E384-4075-944F-70D0AE46DF4B}.Release|Any CPU.Build.0 = Release|Any CPU
		{DBC20CC6-E538-4FB7-8185-8568E93AF6B6}.Debug|Any CPU.ActiveCfg = Debug|Any CPU
		{DBC20CC6-E538-4FB7-8185-8568E93AF6B6}.Debug|Any CPU.Build.0 = Debug|Any CPU
		{DBC20CC6-E538-4FB7-8185-8568E93AF6B6}.Release|Any CPU.ActiveCfg = Release|Any CPU
		{DBC20CC6-E538-4FB7-8185-8568E93AF6B6}.Release|Any CPU.Build.0 = Release|Any CPU
		{E96FCA08-78BC-4B40-9F80-A43BF17F9D62}.Debug|Any CPU.ActiveCfg = Debug|Any CPU
		{E96FCA08-78BC-4B40-9F80-A43BF17F9D62}.Debug|Any CPU.Build.0 = Debug|Any CPU
		{E96FCA08-78BC-4B40-9F80-A43BF17F9D62}.Release|Any CPU.ActiveCfg = Release|Any CPU
		{E96FCA08-78BC-4B40-9F80-A43BF17F9D62}.Release|Any CPU.Build.0 = Release|Any CPU
		{182B929E-141E-440F-8169-39F9D0C3599E}.Debug|Any CPU.ActiveCfg = Debug|Any CPU
		{182B929E-141E-440F-8169-39F9D0C3599E}.Debug|Any CPU.Build.0 = Debug|Any CPU
		{182B929E-141E-440F-8169-39F9D0C3599E}.Release|Any CPU.ActiveCfg = Release|Any CPU
		{182B929E-141E-440F-8169-39F9D0C3599E}.Release|Any CPU.Build.0 = Release|Any CPU
		{0EC4AD10-B0D4-4F55-BB8D-D8AFBF1A8661}.Debug|Any CPU.ActiveCfg = Debug|Any CPU
		{0EC4AD10-B0D4-4F55-BB8D-D8AFBF1A8661}.Debug|Any CPU.Build.0 = Debug|Any CPU
		{0EC4AD10-B0D4-4F55-BB8D-D8AFBF1A8661}.Release|Any CPU.ActiveCfg = Release|Any CPU
		{0EC4AD10-B0D4-4F55-BB8D-D8AFBF1A8661}.Release|Any CPU.Build.0 = Release|Any CPU
		{0467298C-7E84-47A5-9AB9-724F5C1C9F74}.Debug|Any CPU.ActiveCfg = Debug|Any CPU
		{0467298C-7E84-47A5-9AB9-724F5C1C9F74}.Debug|Any CPU.Build.0 = Debug|Any CPU
		{0467298C-7E84-47A5-9AB9-724F5C1C9F74}.Release|Any CPU.ActiveCfg = Release|Any CPU
		{0467298C-7E84-47A5-9AB9-724F5C1C9F74}.Release|Any CPU.Build.0 = Release|Any CPU
		{F27DEB86-E160-45AD-901D-34A34CFFCB01}.Debug|Any CPU.ActiveCfg = Debug|Any CPU
		{F27DEB86-E160-45AD-901D-34A34CFFCB01}.Debug|Any CPU.Build.0 = Debug|Any CPU
		{F27DEB86-E160-45AD-901D-34A34CFFCB01}.Release|Any CPU.ActiveCfg = Release|Any CPU
		{F27DEB86-E160-45AD-901D-34A34CFFCB01}.Release|Any CPU.Build.0 = Release|Any CPU
		{7AC43E10-F215-4AF0-8371-181ADE824EE0}.Debug|Any CPU.ActiveCfg = Debug|Any CPU
		{7AC43E10-F215-4AF0-8371-181ADE824EE0}.Debug|Any CPU.Build.0 = Debug|Any CPU
		{7AC43E10-F215-4AF0-8371-181ADE824EE0}.Release|Any CPU.ActiveCfg = Release|Any CPU
		{7AC43E10-F215-4AF0-8371-181ADE824EE0}.Release|Any CPU.Build.0 = Release|Any CPU
	EndGlobalSection
	GlobalSection(SolutionProperties) = preSolution
		HideSolutionNode = FALSE
	EndGlobalSection
	GlobalSection(NestedProjects) = preSolution
		{A751774F-E46E-4503-A9C2-2A3405C11CC8} = {33B250A0-5ABF-4C3A-8A05-9E6AC79FEC22}
		{4D2B250F-3E9F-4FBA-B659-7F8129F49D81} = {A751774F-E46E-4503-A9C2-2A3405C11CC8}
		{06F47B5D-4A2C-482F-9DD2-6B8853986317} = {A751774F-E46E-4503-A9C2-2A3405C11CC8}
		{F2748260-E384-4075-944F-70D0AE46DF4B} = {A751774F-E46E-4503-A9C2-2A3405C11CC8}
		{DBC20CC6-E538-4FB7-8185-8568E93AF6B6} = {A751774F-E46E-4503-A9C2-2A3405C11CC8}
		{E96FCA08-78BC-4B40-9F80-A43BF17F9D62} = {A751774F-E46E-4503-A9C2-2A3405C11CC8}
		{182B929E-141E-440F-8169-39F9D0C3599E} = {D44D4F54-18DB-4601-A99F-3293CFACF396}
		{913572CC-B51F-4AEC-88F9-A6D2AEDDF0C0} = {33B250A0-5ABF-4C3A-8A05-9E6AC79FEC22}
		{0EC4AD10-B0D4-4F55-BB8D-D8AFBF1A8661} = {913572CC-B51F-4AEC-88F9-A6D2AEDDF0C0}
		{0467298C-7E84-47A5-9AB9-724F5C1C9F74} = {913572CC-B51F-4AEC-88F9-A6D2AEDDF0C0}
		{F27DEB86-E160-45AD-901D-34A34CFFCB01} = {FB3CABDC-1C99-4DC6-ADB5-4D65E878E786}
	EndGlobalSection
EndGlobal
